// !$*UTF8*$!
{
	archiveVersion = 1;
	classes = {
	};
	objectVersion = 56;
	objects = {

/* Begin PBXBuildFile section */
		CC093AA02D53AA0C0096D176 /* IGFeedPostTableViewCell.swift in Sources */ = {isa = PBXBuildFile; fileRef = CC093A9F2D53AA0C0096D176 /* IGFeedPostTableViewCell.swift */; };
		CC093AA32D53AC9F0096D176 /* IGFeedPostHeaderTableViewCell.swift in Sources */ = {isa = PBXBuildFile; fileRef = CC093AA22D53AC9F0096D176 /* IGFeedPostHeaderTableViewCell.swift */; };
		CC093AA52D53ACC20096D176 /* IGFeedPostActionsTableViewCell.swift in Sources */ = {isa = PBXBuildFile; fileRef = CC093AA42D53ACC20096D176 /* IGFeedPostActionsTableViewCell.swift */; };
		CC093AA72D53ACED0096D176 /* IGFeedPostGeneralTableViewCell.swift in Sources */ = {isa = PBXBuildFile; fileRef = CC093AA62D53ACED0096D176 /* IGFeedPostGeneralTableViewCell.swift */; };
		CC093AA92D54FD660096D176 /* FormTableViewCell.swift in Sources */ = {isa = PBXBuildFile; fileRef = CC093AA82D54FD660096D176 /* FormTableViewCell.swift */; };
		CC5ADAE02D3A97C4006F148B /* Extensions.swift in Sources */ = {isa = PBXBuildFile; fileRef = CC5ADADF2D3A97C4006F148B /* Extensions.swift */; };
		CC60A01D2D37F4F800FF6758 /* ExploreViewController.swift in Sources */ = {isa = PBXBuildFile; fileRef = CC60A01C2D37F4F800FF6758 /* ExploreViewController.swift */; };
		CC60A01F2D37F54C00FF6758 /* CameraViewController.swift in Sources */ = {isa = PBXBuildFile; fileRef = CC60A01E2D37F54C00FF6758 /* CameraViewController.swift */; };
		CC60A0212D37F55D00FF6758 /* NotificationsViewController.swift in Sources */ = {isa = PBXBuildFile; fileRef = CC60A0202D37F55D00FF6758 /* NotificationsViewController.swift */; };
		CC60A0232D37F56800FF6758 /* ProfileViewController.swift in Sources */ = {isa = PBXBuildFile; fileRef = CC60A0222D37F56800FF6758 /* ProfileViewController.swift */; };
		CC60A0292D37F63200FF6758 /* LoginViewController.swift in Sources */ = {isa = PBXBuildFile; fileRef = CC60A0282D37F63200FF6758 /* LoginViewController.swift */; };
		CC60A02B2D37F64500FF6758 /* RegistrationViewController.swift in Sources */ = {isa = PBXBuildFile; fileRef = CC60A02A2D37F64500FF6758 /* RegistrationViewController.swift */; };
		CC60A02D2D37F67400FF6758 /* PostViewController.swift in Sources */ = {isa = PBXBuildFile; fileRef = CC60A02C2D37F67400FF6758 /* PostViewController.swift */; };
		CC60A02F2D37F6FC00FF6758 /* EditProfileViewController.swift in Sources */ = {isa = PBXBuildFile; fileRef = CC60A02E2D37F6FC00FF6758 /* EditProfileViewController.swift */; };
		CC60A0312D37F70A00FF6758 /* SettingsViewController.swift in Sources */ = {isa = PBXBuildFile; fileRef = CC60A0302D37F70A00FF6758 /* SettingsViewController.swift */; };
		CC60A0332D37F71A00FF6758 /* ListViewViewController.swift in Sources */ = {isa = PBXBuildFile; fileRef = CC60A0322D37F71A00FF6758 /* ListViewViewController.swift */; };
		CC60A0352D37F72500FF6758 /* SearchViewController.swift in Sources */ = {isa = PBXBuildFile; fileRef = CC60A0342D37F72500FF6758 /* SearchViewController.swift */; };
		CC60A0372D37F73600FF6758 /* SearchResultViewController.swift in Sources */ = {isa = PBXBuildFile; fileRef = CC60A0362D37F73600FF6758 /* SearchResultViewController.swift */; };
		CC60A0392D37F75C00FF6758 /* PostEditorViewController.swift in Sources */ = {isa = PBXBuildFile; fileRef = CC60A0382D37F75C00FF6758 /* PostEditorViewController.swift */; };
		CC60A03B2D37F77400FF6758 /* PublishPostViewController.swift in Sources */ = {isa = PBXBuildFile; fileRef = CC60A03A2D37F77400FF6758 /* PublishPostViewController.swift */; };
		CC82909C2D56571000A00D47 /* PhotoCollectionViewCell.swift in Sources */ = {isa = PBXBuildFile; fileRef = CC82909B2D56571000A00D47 /* PhotoCollectionViewCell.swift */; };
		CC82909E2D56579400A00D47 /* ProfileInfoHeaderCollectionReusableView.swift in Sources */ = {isa = PBXBuildFile; fileRef = CC82909D2D56579400A00D47 /* ProfileInfoHeaderCollectionReusableView.swift */; };
		CC8290A02D5657CE00A00D47 /* ProfileTabsCollectionReusableView.swift in Sources */ = {isa = PBXBuildFile; fileRef = CC82909F2D5657CE00A00D47 /* ProfileTabsCollectionReusableView.swift */; };
		CCD2E5082D39508D002A0D22 /* DatabaseManager.swift in Sources */ = {isa = PBXBuildFile; fileRef = CCD2E5072D39508D002A0D22 /* DatabaseManager.swift */; };
		CCD2E50A2D39528D002A0D22 /* AuthManager.swift in Sources */ = {isa = PBXBuildFile; fileRef = CCD2E5092D39528D002A0D22 /* AuthManager.swift */; };
		CCD2E50C2D3952D2002A0D22 /* StorageManager.swift in Sources */ = {isa = PBXBuildFile; fileRef = CCD2E50B2D3952D2002A0D22 /* StorageManager.swift */; };
		CCDDC6FF2D4A935A00201CAC /* GoogleService-Info.plist in Resources */ = {isa = PBXBuildFile; fileRef = CCDDC6FE2D4A935A00201CAC /* GoogleService-Info.plist */; };
		CCEB2F4A2D3798F600BB2DEF /* AppDelegate.swift in Sources */ = {isa = PBXBuildFile; fileRef = CCEB2F492D3798F600BB2DEF /* AppDelegate.swift */; };
		CCEB2F4C2D3798F600BB2DEF /* SceneDelegate.swift in Sources */ = {isa = PBXBuildFile; fileRef = CCEB2F4B2D3798F600BB2DEF /* SceneDelegate.swift */; };
		CCEB2F4E2D3798F600BB2DEF /* HomeViewController.swift in Sources */ = {isa = PBXBuildFile; fileRef = CCEB2F4D2D3798F600BB2DEF /* HomeViewController.swift */; };
		CCEB2F512D3798F600BB2DEF /* Base in Resources */ = {isa = PBXBuildFile; fileRef = CCEB2F502D3798F600BB2DEF /* Base */; };
		CCEB2F542D3798F600BB2DEF /* InstagramClone.xcdatamodeld in Sources */ = {isa = PBXBuildFile; fileRef = CCEB2F522D3798F600BB2DEF /* InstagramClone.xcdatamodeld */; };
		CCEB2F562D3798F700BB2DEF /* Assets.xcassets in Resources */ = {isa = PBXBuildFile; fileRef = CCEB2F552D3798F700BB2DEF /* Assets.xcassets */; };
		CCEB2F592D3798F700BB2DEF /* Base in Resources */ = {isa = PBXBuildFile; fileRef = CCEB2F582D3798F700BB2DEF /* Base */; };
		E2FE7C85A79355298FF1FDAE /* Pods_InstagramClone.framework in Frameworks */ = {isa = PBXBuildFile; fileRef = 49B31289D4A39B0827A13586 /* Pods_InstagramClone.framework */; };
/* End PBXBuildFile section */

/* Begin PBXFileReference section */
		07A0FCFBD3DAEC5C168915BE /* Pods-InstagramClone.debug.xcconfig */ = {isa = PBXFileReference; includeInIndex = 1; lastKnownFileType = text.xcconfig; name = "Pods-InstagramClone.debug.xcconfig"; path = "Target Support Files/Pods-InstagramClone/Pods-InstagramClone.debug.xcconfig"; sourceTree = "<group>"; };
		49B31289D4A39B0827A13586 /* Pods_InstagramClone.framework */ = {isa = PBXFileReference; explicitFileType = wrapper.framework; includeInIndex = 0; path = Pods_InstagramClone.framework; sourceTree = BUILT_PRODUCTS_DIR; };
		7112C5A70E0873551205E97B /* Pods-InstagramClone.release.xcconfig */ = {isa = PBXFileReference; includeInIndex = 1; lastKnownFileType = text.xcconfig; name = "Pods-InstagramClone.release.xcconfig"; path = "Target Support Files/Pods-InstagramClone/Pods-InstagramClone.release.xcconfig"; sourceTree = "<group>"; };
		CC093A9F2D53AA0C0096D176 /* IGFeedPostTableViewCell.swift */ = {isa = PBXFileReference; lastKnownFileType = sourcecode.swift; path = IGFeedPostTableViewCell.swift; sourceTree = "<group>"; };
		CC093AA22D53AC9F0096D176 /* IGFeedPostHeaderTableViewCell.swift */ = {isa = PBXFileReference; lastKnownFileType = sourcecode.swift; path = IGFeedPostHeaderTableViewCell.swift; sourceTree = "<group>"; };
		CC093AA42D53ACC20096D176 /* IGFeedPostActionsTableViewCell.swift */ = {isa = PBXFileReference; lastKnownFileType = sourcecode.swift; path = IGFeedPostActionsTableViewCell.swift; sourceTree = "<group>"; };
		CC093AA62D53ACED0096D176 /* IGFeedPostGeneralTableViewCell.swift */ = {isa = PBXFileReference; lastKnownFileType = sourcecode.swift; path = IGFeedPostGeneralTableViewCell.swift; sourceTree = "<group>"; };
		CC093AA82D54FD660096D176 /* FormTableViewCell.swift */ = {isa = PBXFileReference; lastKnownFileType = sourcecode.swift; path = FormTableViewCell.swift; sourceTree = "<group>"; };
		CC5ADADF2D3A97C4006F148B /* Extensions.swift */ = {isa = PBXFileReference; lastKnownFileType = sourcecode.swift; path = Extensions.swift; sourceTree = "<group>"; };
		CC60A01C2D37F4F800FF6758 /* ExploreViewController.swift */ = {isa = PBXFileReference; lastKnownFileType = sourcecode.swift; path = ExploreViewController.swift; sourceTree = "<group>"; };
		CC60A01E2D37F54C00FF6758 /* CameraViewController.swift */ = {isa = PBXFileReference; lastKnownFileType = sourcecode.swift; path = CameraViewController.swift; sourceTree = "<group>"; };
		CC60A0202D37F55D00FF6758 /* NotificationsViewController.swift */ = {isa = PBXFileReference; lastKnownFileType = sourcecode.swift; path = NotificationsViewController.swift; sourceTree = "<group>"; };
		CC60A0222D37F56800FF6758 /* ProfileViewController.swift */ = {isa = PBXFileReference; lastKnownFileType = sourcecode.swift; path = ProfileViewController.swift; sourceTree = "<group>"; };
		CC60A0282D37F63200FF6758 /* LoginViewController.swift */ = {isa = PBXFileReference; lastKnownFileType = sourcecode.swift; path = LoginViewController.swift; sourceTree = "<group>"; };
		CC60A02A2D37F64500FF6758 /* RegistrationViewController.swift */ = {isa = PBXFileReference; lastKnownFileType = sourcecode.swift; path = RegistrationViewController.swift; sourceTree = "<group>"; };
		CC60A02C2D37F67400FF6758 /* PostViewController.swift */ = {isa = PBXFileReference; lastKnownFileType = sourcecode.swift; path = PostViewController.swift; sourceTree = "<group>"; };
		CC60A02E2D37F6FC00FF6758 /* EditProfileViewController.swift */ = {isa = PBXFileReference; lastKnownFileType = sourcecode.swift; path = EditProfileViewController.swift; sourceTree = "<group>"; };
		CC60A0302D37F70A00FF6758 /* SettingsViewController.swift */ = {isa = PBXFileReference; lastKnownFileType = sourcecode.swift; path = SettingsViewController.swift; sourceTree = "<group>"; };
		CC60A0322D37F71A00FF6758 /* ListViewViewController.swift */ = {isa = PBXFileReference; lastKnownFileType = sourcecode.swift; path = ListViewViewController.swift; sourceTree = "<group>"; };
		CC60A0342D37F72500FF6758 /* SearchViewController.swift */ = {isa = PBXFileReference; lastKnownFileType = sourcecode.swift; path = SearchViewController.swift; sourceTree = "<group>"; };
		CC60A0362D37F73600FF6758 /* SearchResultViewController.swift */ = {isa = PBXFileReference; lastKnownFileType = sourcecode.swift; path = SearchResultViewController.swift; sourceTree = "<group>"; };
		CC60A0382D37F75C00FF6758 /* PostEditorViewController.swift */ = {isa = PBXFileReference; lastKnownFileType = sourcecode.swift; path = PostEditorViewController.swift; sourceTree = "<group>"; };
		CC60A03A2D37F77400FF6758 /* PublishPostViewController.swift */ = {isa = PBXFileReference; lastKnownFileType = sourcecode.swift; path = PublishPostViewController.swift; sourceTree = "<group>"; };
		CC82909B2D56571000A00D47 /* PhotoCollectionViewCell.swift */ = {isa = PBXFileReference; lastKnownFileType = sourcecode.swift; path = PhotoCollectionViewCell.swift; sourceTree = "<group>"; };
		CC82909D2D56579400A00D47 /* ProfileInfoHeaderCollectionReusableView.swift */ = {isa = PBXFileReference; lastKnownFileType = sourcecode.swift; path = ProfileInfoHeaderCollectionReusableView.swift; sourceTree = "<group>"; };
		CC82909F2D5657CE00A00D47 /* ProfileTabsCollectionReusableView.swift */ = {isa = PBXFileReference; lastKnownFileType = sourcecode.swift; path = ProfileTabsCollectionReusableView.swift; sourceTree = "<group>"; };
		CCD2E5072D39508D002A0D22 /* DatabaseManager.swift */ = {isa = PBXFileReference; lastKnownFileType = sourcecode.swift; path = DatabaseManager.swift; sourceTree = "<group>"; };
		CCD2E5092D39528D002A0D22 /* AuthManager.swift */ = {isa = PBXFileReference; lastKnownFileType = sourcecode.swift; path = AuthManager.swift; sourceTree = "<group>"; };
		CCD2E50B2D3952D2002A0D22 /* StorageManager.swift */ = {isa = PBXFileReference; lastKnownFileType = sourcecode.swift; path = StorageManager.swift; sourceTree = "<group>"; };
		CCDDC6FE2D4A935A00201CAC /* GoogleService-Info.plist */ = {isa = PBXFileReference; fileEncoding = 4; lastKnownFileType = text.plist.xml; path = "GoogleService-Info.plist"; sourceTree = "<group>"; };
		CCEB2F462D3798F600BB2DEF /* InstagramClone.app */ = {isa = PBXFileReference; explicitFileType = wrapper.application; includeInIndex = 0; path = InstagramClone.app; sourceTree = BUILT_PRODUCTS_DIR; };
		CCEB2F492D3798F600BB2DEF /* AppDelegate.swift */ = {isa = PBXFileReference; lastKnownFileType = sourcecode.swift; path = AppDelegate.swift; sourceTree = "<group>"; };
		CCEB2F4B2D3798F600BB2DEF /* SceneDelegate.swift */ = {isa = PBXFileReference; lastKnownFileType = sourcecode.swift; path = SceneDelegate.swift; sourceTree = "<group>"; };
		CCEB2F4D2D3798F600BB2DEF /* HomeViewController.swift */ = {isa = PBXFileReference; lastKnownFileType = sourcecode.swift; path = HomeViewController.swift; sourceTree = "<group>"; };
		CCEB2F502D3798F600BB2DEF /* Base */ = {isa = PBXFileReference; lastKnownFileType = file.storyboard; name = Base; path = Base.lproj/Main.storyboard; sourceTree = "<group>"; };
		CCEB2F532D3798F600BB2DEF /* InstagramClone.xcdatamodel */ = {isa = PBXFileReference; lastKnownFileType = wrapper.xcdatamodel; path = InstagramClone.xcdatamodel; sourceTree = "<group>"; };
		CCEB2F552D3798F700BB2DEF /* Assets.xcassets */ = {isa = PBXFileReference; lastKnownFileType = folder.assetcatalog; path = Assets.xcassets; sourceTree = "<group>"; };
		CCEB2F582D3798F700BB2DEF /* Base */ = {isa = PBXFileReference; lastKnownFileType = file.storyboard; name = Base; path = Base.lproj/LaunchScreen.storyboard; sourceTree = "<group>"; };
		CCEB2F5A2D3798F700BB2DEF /* Info.plist */ = {isa = PBXFileReference; lastKnownFileType = text.plist.xml; path = Info.plist; sourceTree = "<group>"; };
/* End PBXFileReference section */

/* Begin PBXFrameworksBuildPhase section */
		CCEB2F432D3798F600BB2DEF /* Frameworks */ = {
			isa = PBXFrameworksBuildPhase;
			buildActionMask = 2147483647;
			files = (
				E2FE7C85A79355298FF1FDAE /* Pods_InstagramClone.framework in Frameworks */,
			);
			runOnlyForDeploymentPostprocessing = 0;
		};
/* End PBXFrameworksBuildPhase section */

/* Begin PBXGroup section */
		0F8860330C74DF792EFCD64A /* Pods */ = {
			isa = PBXGroup;
			children = (
				07A0FCFBD3DAEC5C168915BE /* Pods-InstagramClone.debug.xcconfig */,
				7112C5A70E0873551205E97B /* Pods-InstagramClone.release.xcconfig */,
			);
			path = Pods;
			sourceTree = "<group>";
		};
		509F89DBA00F9693D9BED014 /* Frameworks */ = {
			isa = PBXGroup;
			children = (
				49B31289D4A39B0827A13586 /* Pods_InstagramClone.framework */,
			);
			name = Frameworks;
			sourceTree = "<group>";
		};
		CC093A9E2D53A9E00096D176 /* Cells */ = {
			isa = PBXGroup;
			children = (
				CC093AA12D53AC840096D176 /* Home Feed */,
				CC093AA82D54FD660096D176 /* FormTableViewCell.swift */,
				CC82909B2D56571000A00D47 /* PhotoCollectionViewCell.swift */,
			);
			path = Cells;
			sourceTree = "<group>";
		};
		CC093AA12D53AC840096D176 /* Home Feed */ = {
			isa = PBXGroup;
			children = (
				CC093A9F2D53AA0C0096D176 /* IGFeedPostTableViewCell.swift */,
				CC093AA22D53AC9F0096D176 /* IGFeedPostHeaderTableViewCell.swift */,
				CC093AA42D53ACC20096D176 /* IGFeedPostActionsTableViewCell.swift */,
				CC093AA62D53ACED0096D176 /* IGFeedPostGeneralTableViewCell.swift */,
			);
			path = "Home Feed";
			sourceTree = "<group>";
		};
		CC60A0172D37F39C00FF6758 /* Views */ = {
			isa = PBXGroup;
			children = (
				CC82909A2D5656C400A00D47 /* CollectionView Headers */,
				CC093A9E2D53A9E00096D176 /* Cells */,
				CCEB2F552D3798F700BB2DEF /* Assets.xcassets */,
				CC60A01B2D37F3FA00FF6758 /* Storyboards */,
			);
			path = Views;
			sourceTree = "<group>";
		};
		CC60A0182D37F3A400FF6758 /* Controllers */ = {
			isa = PBXGroup;
			children = (
				CC60A0262D37F61900FF6758 /* Other */,
				CC60A0252D37F5DE00FF6758 /* Core Tabs */,
			);
			path = Controllers;
			sourceTree = "<group>";
		};
		CC60A0192D37F3AF00FF6758 /* Model */ = {
			isa = PBXGroup;
			children = (
			);
			path = Model;
			sourceTree = "<group>";
		};
		CC60A01A2D37F3B600FF6758 /* Resources */ = {
			isa = PBXGroup;
			children = (
				CCDDC6FE2D4A935A00201CAC /* GoogleService-Info.plist */,
				CCEB2F492D3798F600BB2DEF /* AppDelegate.swift */,
				CCEB2F4B2D3798F600BB2DEF /* SceneDelegate.swift */,
				CCD2E5072D39508D002A0D22 /* DatabaseManager.swift */,
				CCD2E5092D39528D002A0D22 /* AuthManager.swift */,
				CCD2E50B2D3952D2002A0D22 /* StorageManager.swift */,
				CC5ADADF2D3A97C4006F148B /* Extensions.swift */,
			);
			path = Resources;
			sourceTree = "<group>";
		};
		CC60A01B2D37F3FA00FF6758 /* Storyboards */ = {
			isa = PBXGroup;
			children = (
				CCEB2F572D3798F700BB2DEF /* LaunchScreen.storyboard */,
				CCEB2F4F2D3798F600BB2DEF /* Main.storyboard */,
			);
			path = Storyboards;
			sourceTree = "<group>";
		};
		CC60A0252D37F5DE00FF6758 /* Core Tabs */ = {
			isa = PBXGroup;
			children = (
				CCEB2F4D2D3798F600BB2DEF /* HomeViewController.swift */,
				CC60A01C2D37F4F800FF6758 /* ExploreViewController.swift */,
				CC60A01E2D37F54C00FF6758 /* CameraViewController.swift */,
				CC60A0202D37F55D00FF6758 /* NotificationsViewController.swift */,
				CC60A0222D37F56800FF6758 /* ProfileViewController.swift */,
			);
			path = "Core Tabs";
			sourceTree = "<group>";
		};
		CC60A0262D37F61900FF6758 /* Other */ = {
			isa = PBXGroup;
			children = (
				CC60A0272D37F61F00FF6758 /* Onboarding */,
				CCD2E5062D394FC1002A0D22 /* General */,
			);
			path = Other;
			sourceTree = "<group>";
		};
		CC60A0272D37F61F00FF6758 /* Onboarding */ = {
			isa = PBXGroup;
			children = (
				CC60A0282D37F63200FF6758 /* LoginViewController.swift */,
				CC60A02A2D37F64500FF6758 /* RegistrationViewController.swift */,
			);
			path = Onboarding;
			sourceTree = "<group>";
		};
		CC82909A2D5656C400A00D47 /* CollectionView Headers */ = {
			isa = PBXGroup;
			children = (
				CC82909D2D56579400A00D47 /* ProfileInfoHeaderCollectionReusableView.swift */,
				CC82909F2D5657CE00A00D47 /* ProfileTabsCollectionReusableView.swift */,
			);
			path = "CollectionView Headers";
			sourceTree = "<group>";
		};
		CCD2E5062D394FC1002A0D22 /* General */ = {
			isa = PBXGroup;
			children = (
				CC60A02C2D37F67400FF6758 /* PostViewController.swift */,
				CC60A02E2D37F6FC00FF6758 /* EditProfileViewController.swift */,
				CC60A0302D37F70A00FF6758 /* SettingsViewController.swift */,
				CC60A0322D37F71A00FF6758 /* ListViewViewController.swift */,
				CC60A0342D37F72500FF6758 /* SearchViewController.swift */,
				CC60A0362D37F73600FF6758 /* SearchResultViewController.swift */,
				CC60A0382D37F75C00FF6758 /* PostEditorViewController.swift */,
				CC60A03A2D37F77400FF6758 /* PublishPostViewController.swift */,
			);
			path = General;
			sourceTree = "<group>";
		};
		CCEB2F3D2D3798F600BB2DEF = {
			isa = PBXGroup;
			children = (
				CCEB2F482D3798F600BB2DEF /* InstagramClone */,
				CCEB2F472D3798F600BB2DEF /* Products */,
				0F8860330C74DF792EFCD64A /* Pods */,
				509F89DBA00F9693D9BED014 /* Frameworks */,
			);
			sourceTree = "<group>";
		};
		CCEB2F472D3798F600BB2DEF /* Products */ = {
			isa = PBXGroup;
			children = (
				CCEB2F462D3798F600BB2DEF /* InstagramClone.app */,
			);
			name = Products;
			sourceTree = "<group>";
		};
		CCEB2F482D3798F600BB2DEF /* InstagramClone */ = {
			isa = PBXGroup;
			children = (
				CC60A01A2D37F3B600FF6758 /* Resources */,
				CC60A0192D37F3AF00FF6758 /* Model */,
				CC60A0182D37F3A400FF6758 /* Controllers */,
				CC60A0172D37F39C00FF6758 /* Views */,
				CCEB2F5A2D3798F700BB2DEF /* Info.plist */,
				CCEB2F522D3798F600BB2DEF /* InstagramClone.xcdatamodeld */,
			);
			path = InstagramClone;
			sourceTree = "<group>";
		};
/* End PBXGroup section */

/* Begin PBXNativeTarget section */
		CCEB2F452D3798F600BB2DEF /* InstagramClone */ = {
			isa = PBXNativeTarget;
			buildConfigurationList = CCEB2F5D2D3798F700BB2DEF /* Build configuration list for PBXNativeTarget "InstagramClone" */;
			buildPhases = (
				22A583C52463D13EE5C01EEE /* [CP] Check Pods Manifest.lock */,
				CCEB2F422D3798F600BB2DEF /* Sources */,
				CCEB2F432D3798F600BB2DEF /* Frameworks */,
				CCEB2F442D3798F600BB2DEF /* Resources */,
				1D9A17363354DFB61C972C5F /* [CP] Embed Pods Frameworks */,
			);
			buildRules = (
			);
			dependencies = (
			);
			name = InstagramClone;
			productName = InstagramClone;
			productReference = CCEB2F462D3798F600BB2DEF /* InstagramClone.app */;
			productType = "com.apple.product-type.application";
		};
/* End PBXNativeTarget section */

/* Begin PBXProject section */
		CCEB2F3E2D3798F600BB2DEF /* Project object */ = {
			isa = PBXProject;
			attributes = {
				BuildIndependentTargetsInParallel = 1;
				LastSwiftUpdateCheck = 1540;
				LastUpgradeCheck = 1540;
				TargetAttributes = {
					CCEB2F452D3798F600BB2DEF = {
						CreatedOnToolsVersion = 15.4;
					};
				};
			};
			buildConfigurationList = CCEB2F412D3798F600BB2DEF /* Build configuration list for PBXProject "InstagramClone" */;
			compatibilityVersion = "Xcode 14.0";
			developmentRegion = en;
			hasScannedForEncodings = 0;
			knownRegions = (
				en,
				Base,
			);
			mainGroup = CCEB2F3D2D3798F600BB2DEF;
			productRefGroup = CCEB2F472D3798F600BB2DEF /* Products */;
			projectDirPath = "";
			projectRoot = "";
			targets = (
				CCEB2F452D3798F600BB2DEF /* InstagramClone */,
			);
		};
/* End PBXProject section */

/* Begin PBXResourcesBuildPhase section */
		CCEB2F442D3798F600BB2DEF /* Resources */ = {
			isa = PBXResourcesBuildPhase;
			buildActionMask = 2147483647;
			files = (
				CCEB2F562D3798F700BB2DEF /* Assets.xcassets in Resources */,
				CCDDC6FF2D4A935A00201CAC /* GoogleService-Info.plist in Resources */,
				CCEB2F592D3798F700BB2DEF /* Base in Resources */,
				CCEB2F512D3798F600BB2DEF /* Base in Resources */,
			);
			runOnlyForDeploymentPostprocessing = 0;
		};
/* End PBXResourcesBuildPhase section */

/* Begin PBXShellScriptBuildPhase section */
		1D9A17363354DFB61C972C5F /* [CP] Embed Pods Frameworks */ = {
			isa = PBXShellScriptBuildPhase;
			buildActionMask = 2147483647;
			files = (
			);
			inputFileListPaths = (
				"${PODS_ROOT}/Target Support Files/Pods-InstagramClone/Pods-InstagramClone-frameworks-${CONFIGURATION}-input-files.xcfilelist",
			);
			name = "[CP] Embed Pods Frameworks";
			outputFileListPaths = (
				"${PODS_ROOT}/Target Support Files/Pods-InstagramClone/Pods-InstagramClone-frameworks-${CONFIGURATION}-output-files.xcfilelist",
			);
			runOnlyForDeploymentPostprocessing = 0;
			shellPath = /bin/sh;
			shellScript = "\"${PODS_ROOT}/Target Support Files/Pods-InstagramClone/Pods-InstagramClone-frameworks.sh\"\n";
			showEnvVarsInLog = 0;
		};
		22A583C52463D13EE5C01EEE /* [CP] Check Pods Manifest.lock */ = {
			isa = PBXShellScriptBuildPhase;
			buildActionMask = 2147483647;
			files = (
			);
			inputFileListPaths = (
			);
			inputPaths = (
				"${PODS_PODFILE_DIR_PATH}/Podfile.lock",
				"${PODS_ROOT}/Manifest.lock",
			);
			name = "[CP] Check Pods Manifest.lock";
			outputFileListPaths = (
			);
			outputPaths = (
				"$(DERIVED_FILE_DIR)/Pods-InstagramClone-checkManifestLockResult.txt",
			);
			runOnlyForDeploymentPostprocessing = 0;
			shellPath = /bin/sh;
			shellScript = "diff \"${PODS_PODFILE_DIR_PATH}/Podfile.lock\" \"${PODS_ROOT}/Manifest.lock\" > /dev/null\nif [ $? != 0 ] ; then\n    # print error to STDERR\n    echo \"error: The sandbox is not in sync with the Podfile.lock. Run 'pod install' or update your CocoaPods installation.\" >&2\n    exit 1\nfi\n# This output is used by Xcode 'outputs' to avoid re-running this script phase.\necho \"SUCCESS\" > \"${SCRIPT_OUTPUT_FILE_0}\"\n";
			showEnvVarsInLog = 0;
		};
/* End PBXShellScriptBuildPhase section */

/* Begin PBXSourcesBuildPhase section */
		CCEB2F422D3798F600BB2DEF /* Sources */ = {
			isa = PBXSourcesBuildPhase;
			buildActionMask = 2147483647;
			files = (
				CC60A0352D37F72500FF6758 /* SearchViewController.swift in Sources */,
				CC60A0292D37F63200FF6758 /* LoginViewController.swift in Sources */,
				CCEB2F4E2D3798F600BB2DEF /* HomeViewController.swift in Sources */,
				CCD2E50C2D3952D2002A0D22 /* StorageManager.swift in Sources */,
				CC093AA32D53AC9F0096D176 /* IGFeedPostHeaderTableViewCell.swift in Sources */,
				CCEB2F4A2D3798F600BB2DEF /* AppDelegate.swift in Sources */,
				CC60A0392D37F75C00FF6758 /* PostEditorViewController.swift in Sources */,
				CC60A0332D37F71A00FF6758 /* ListViewViewController.swift in Sources */,
				CC093AA72D53ACED0096D176 /* IGFeedPostGeneralTableViewCell.swift in Sources */,
				CC60A01D2D37F4F800FF6758 /* ExploreViewController.swift in Sources */,
				CC093AA92D54FD660096D176 /* FormTableViewCell.swift in Sources */,
				CC093AA02D53AA0C0096D176 /* IGFeedPostTableViewCell.swift in Sources */,
				CC60A02B2D37F64500FF6758 /* RegistrationViewController.swift in Sources */,
				CC5ADAE02D3A97C4006F148B /* Extensions.swift in Sources */,
				CCEB2F542D3798F600BB2DEF /* InstagramClone.xcdatamodeld in Sources */,
				CC82909E2D56579400A00D47 /* ProfileInfoHeaderCollectionReusableView.swift in Sources */,
				CCD2E50A2D39528D002A0D22 /* AuthManager.swift in Sources */,
				CCEB2F4C2D3798F600BB2DEF /* SceneDelegate.swift in Sources */,
				CC60A03B2D37F77400FF6758 /* PublishPostViewController.swift in Sources */,
				CC8290A02D5657CE00A00D47 /* ProfileTabsCollectionReusableView.swift in Sources */,
				CC60A0212D37F55D00FF6758 /* NotificationsViewController.swift in Sources */,
				CC60A02F2D37F6FC00FF6758 /* EditProfileViewController.swift in Sources */,
				CC60A0232D37F56800FF6758 /* ProfileViewController.swift in Sources */,
				CCD2E5082D39508D002A0D22 /* DatabaseManager.swift in Sources */,
				CC60A0312D37F70A00FF6758 /* SettingsViewController.swift in Sources */,
				CC60A01F2D37F54C00FF6758 /* CameraViewController.swift in Sources */,
				CC093AA52D53ACC20096D176 /* IGFeedPostActionsTableViewCell.swift in Sources */,
				CC82909C2D56571000A00D47 /* PhotoCollectionViewCell.swift in Sources */,
				CC60A0372D37F73600FF6758 /* SearchResultViewController.swift in Sources */,
				CC60A02D2D37F67400FF6758 /* PostViewController.swift in Sources */,
			);
			runOnlyForDeploymentPostprocessing = 0;
		};
/* End PBXSourcesBuildPhase section */

/* Begin PBXVariantGroup section */
		CCEB2F4F2D3798F600BB2DEF /* Main.storyboard */ = {
			isa = PBXVariantGroup;
			children = (
				CCEB2F502D3798F600BB2DEF /* Base */,
			);
			name = Main.storyboard;
			sourceTree = "<group>";
		};
		CCEB2F572D3798F700BB2DEF /* LaunchScreen.storyboard */ = {
			isa = PBXVariantGroup;
			children = (
				CCEB2F582D3798F700BB2DEF /* Base */,
			);
			name = LaunchScreen.storyboard;
			sourceTree = "<group>";
		};
/* End PBXVariantGroup section */

/* Begin XCBuildConfiguration section */
		CCEB2F5B2D3798F700BB2DEF /* Debug */ = {
			isa = XCBuildConfiguration;
			buildSettings = {
				ALWAYS_SEARCH_USER_PATHS = NO;
				ASSETCATALOG_COMPILER_GENERATE_SWIFT_ASSET_SYMBOL_EXTENSIONS = YES;
				CLANG_ANALYZER_NONNULL = YES;
				CLANG_ANALYZER_NUMBER_OBJECT_CONVERSION = YES_AGGRESSIVE;
				CLANG_CXX_LANGUAGE_STANDARD = "gnu++20";
				CLANG_ENABLE_MODULES = YES;
				CLANG_ENABLE_OBJC_ARC = YES;
				CLANG_ENABLE_OBJC_WEAK = YES;
				CLANG_WARN_BLOCK_CAPTURE_AUTORELEASING = YES;
				CLANG_WARN_BOOL_CONVERSION = YES;
				CLANG_WARN_COMMA = YES;
				CLANG_WARN_CONSTANT_CONVERSION = YES;
				CLANG_WARN_DEPRECATED_OBJC_IMPLEMENTATIONS = YES;
				CLANG_WARN_DIRECT_OBJC_ISA_USAGE = YES_ERROR;
				CLANG_WARN_DOCUMENTATION_COMMENTS = YES;
				CLANG_WARN_EMPTY_BODY = YES;
				CLANG_WARN_ENUM_CONVERSION = YES;
				CLANG_WARN_INFINITE_RECURSION = YES;
				CLANG_WARN_INT_CONVERSION = YES;
				CLANG_WARN_NON_LITERAL_NULL_CONVERSION = YES;
				CLANG_WARN_OBJC_IMPLICIT_RETAIN_SELF = YES;
				CLANG_WARN_OBJC_LITERAL_CONVERSION = YES;
				CLANG_WARN_OBJC_ROOT_CLASS = YES_ERROR;
				CLANG_WARN_QUOTED_INCLUDE_IN_FRAMEWORK_HEADER = YES;
				CLANG_WARN_RANGE_LOOP_ANALYSIS = YES;
				CLANG_WARN_STRICT_PROTOTYPES = YES;
				CLANG_WARN_SUSPICIOUS_MOVE = YES;
				CLANG_WARN_UNGUARDED_AVAILABILITY = YES_AGGRESSIVE;
				CLANG_WARN_UNREACHABLE_CODE = YES;
				CLANG_WARN__DUPLICATE_METHOD_MATCH = YES;
				COPY_PHASE_STRIP = NO;
				DEBUG_INFORMATION_FORMAT = dwarf;
				ENABLE_STRICT_OBJC_MSGSEND = YES;
				ENABLE_TESTABILITY = YES;
				ENABLE_USER_SCRIPT_SANDBOXING = YES;
				GCC_C_LANGUAGE_STANDARD = gnu17;
				GCC_DYNAMIC_NO_PIC = NO;
				GCC_NO_COMMON_BLOCKS = YES;
				GCC_OPTIMIZATION_LEVEL = 0;
				GCC_PREPROCESSOR_DEFINITIONS = (
					"DEBUG=1",
					"$(inherited)",
				);
				GCC_WARN_64_TO_32_BIT_CONVERSION = YES;
				GCC_WARN_ABOUT_RETURN_TYPE = YES_ERROR;
				GCC_WARN_UNDECLARED_SELECTOR = YES;
				GCC_WARN_UNINITIALIZED_AUTOS = YES_AGGRESSIVE;
				GCC_WARN_UNUSED_FUNCTION = YES;
				GCC_WARN_UNUSED_VARIABLE = YES;
				IPHONEOS_DEPLOYMENT_TARGET = 13.0;
				LOCALIZATION_PREFERS_STRING_CATALOGS = YES;
				MTL_ENABLE_DEBUG_INFO = INCLUDE_SOURCE;
				MTL_FAST_MATH = YES;
				ONLY_ACTIVE_ARCH = YES;
				SDKROOT = iphoneos;
				SWIFT_ACTIVE_COMPILATION_CONDITIONS = "DEBUG $(inherited)";
				SWIFT_OPTIMIZATION_LEVEL = "-Onone";
			};
			name = Debug;
		};
		CCEB2F5C2D3798F700BB2DEF /* Release */ = {
			isa = XCBuildConfiguration;
			buildSettings = {
				ALWAYS_SEARCH_USER_PATHS = NO;
				ASSETCATALOG_COMPILER_GENERATE_SWIFT_ASSET_SYMBOL_EXTENSIONS = YES;
				CLANG_ANALYZER_NONNULL = YES;
				CLANG_ANALYZER_NUMBER_OBJECT_CONVERSION = YES_AGGRESSIVE;
				CLANG_CXX_LANGUAGE_STANDARD = "gnu++20";
				CLANG_ENABLE_MODULES = YES;
				CLANG_ENABLE_OBJC_ARC = YES;
				CLANG_ENABLE_OBJC_WEAK = YES;
				CLANG_WARN_BLOCK_CAPTURE_AUTORELEASING = YES;
				CLANG_WARN_BOOL_CONVERSION = YES;
				CLANG_WARN_COMMA = YES;
				CLANG_WARN_CONSTANT_CONVERSION = YES;
				CLANG_WARN_DEPRECATED_OBJC_IMPLEMENTATIONS = YES;
				CLANG_WARN_DIRECT_OBJC_ISA_USAGE = YES_ERROR;
				CLANG_WARN_DOCUMENTATION_COMMENTS = YES;
				CLANG_WARN_EMPTY_BODY = YES;
				CLANG_WARN_ENUM_CONVERSION = YES;
				CLANG_WARN_INFINITE_RECURSION = YES;
				CLANG_WARN_INT_CONVERSION = YES;
				CLANG_WARN_NON_LITERAL_NULL_CONVERSION = YES;
				CLANG_WARN_OBJC_IMPLICIT_RETAIN_SELF = YES;
				CLANG_WARN_OBJC_LITERAL_CONVERSION = YES;
				CLANG_WARN_OBJC_ROOT_CLASS = YES_ERROR;
				CLANG_WARN_QUOTED_INCLUDE_IN_FRAMEWORK_HEADER = YES;
				CLANG_WARN_RANGE_LOOP_ANALYSIS = YES;
				CLANG_WARN_STRICT_PROTOTYPES = YES;
				CLANG_WARN_SUSPICIOUS_MOVE = YES;
				CLANG_WARN_UNGUARDED_AVAILABILITY = YES_AGGRESSIVE;
				CLANG_WARN_UNREACHABLE_CODE = YES;
				CLANG_WARN__DUPLICATE_METHOD_MATCH = YES;
				COPY_PHASE_STRIP = NO;
				DEBUG_INFORMATION_FORMAT = "dwarf-with-dsym";
				ENABLE_NS_ASSERTIONS = NO;
				ENABLE_STRICT_OBJC_MSGSEND = YES;
				ENABLE_USER_SCRIPT_SANDBOXING = YES;
				GCC_C_LANGUAGE_STANDARD = gnu17;
				GCC_NO_COMMON_BLOCKS = YES;
				GCC_WARN_64_TO_32_BIT_CONVERSION = YES;
				GCC_WARN_ABOUT_RETURN_TYPE = YES_ERROR;
				GCC_WARN_UNDECLARED_SELECTOR = YES;
				GCC_WARN_UNINITIALIZED_AUTOS = YES_AGGRESSIVE;
				GCC_WARN_UNUSED_FUNCTION = YES;
				GCC_WARN_UNUSED_VARIABLE = YES;
				IPHONEOS_DEPLOYMENT_TARGET = 13.0;
				LOCALIZATION_PREFERS_STRING_CATALOGS = YES;
				MTL_ENABLE_DEBUG_INFO = NO;
				MTL_FAST_MATH = YES;
				SDKROOT = iphoneos;
				SWIFT_COMPILATION_MODE = wholemodule;
				VALIDATE_PRODUCT = YES;
			};
			name = Release;
		};
		CCEB2F5E2D3798F700BB2DEF /* Debug */ = {
			isa = XCBuildConfiguration;
			baseConfigurationReference = 07A0FCFBD3DAEC5C168915BE /* Pods-InstagramClone.debug.xcconfig */;
			buildSettings = {
				ASSETCATALOG_COMPILER_APPICON_NAME = AppIcon;
				ASSETCATALOG_COMPILER_GLOBAL_ACCENT_COLOR_NAME = AccentColor;
				CODE_SIGN_STYLE = Automatic;
				CURRENT_PROJECT_VERSION = 1;
				DEVELOPMENT_TEAM = DG3UCCG6LZ;
				ENABLE_USER_SCRIPT_SANDBOXING = NO;
				GENERATE_INFOPLIST_FILE = YES;
				INFOPLIST_FILE = InstagramClone/Info.plist;
				INFOPLIST_KEY_UIApplicationSupportsIndirectInputEvents = YES;
				INFOPLIST_KEY_UILaunchStoryboardName = LaunchScreen;
				INFOPLIST_KEY_UIMainStoryboardFile = Main;
				INFOPLIST_KEY_UISupportedInterfaceOrientations = UIInterfaceOrientationPortrait;
				LD_RUNPATH_SEARCH_PATHS = (
					"$(inherited)",
					"@executable_path/Frameworks",
				);
				MARKETING_VERSION = 1.0;
				PRODUCT_BUNDLE_IDENTIFIER = com.hieu.InstagramClone;
				PRODUCT_NAME = "$(TARGET_NAME)";
				SWIFT_EMIT_LOC_STRINGS = YES;
				SWIFT_VERSION = 5.0;
				TARGETED_DEVICE_FAMILY = "1,2";
			};
			name = Debug;
		};
		CCEB2F5F2D3798F700BB2DEF /* Release */ = {
			isa = XCBuildConfiguration;
			baseConfigurationReference = 7112C5A70E0873551205E97B /* Pods-InstagramClone.release.xcconfig */;
			buildSettings = {
				ASSETCATALOG_COMPILER_APPICON_NAME = AppIcon;
				ASSETCATALOG_COMPILER_GLOBAL_ACCENT_COLOR_NAME = AccentColor;
				CODE_SIGN_STYLE = Automatic;
				CURRENT_PROJECT_VERSION = 1;
				DEVELOPMENT_TEAM = DG3UCCG6LZ;
				ENABLE_USER_SCRIPT_SANDBOXING = NO;
				GENERATE_INFOPLIST_FILE = YES;
				INFOPLIST_FILE = InstagramClone/Info.plist;
				INFOPLIST_KEY_UIApplicationSupportsIndirectInputEvents = YES;
				INFOPLIST_KEY_UILaunchStoryboardName = LaunchScreen;
				INFOPLIST_KEY_UIMainStoryboardFile = Main;
				INFOPLIST_KEY_UISupportedInterfaceOrientations = UIInterfaceOrientationPortrait;
				LD_RUNPATH_SEARCH_PATHS = (
					"$(inherited)",
					"@executable_path/Frameworks",
				);
				MARKETING_VERSION = 1.0;
				PRODUCT_BUNDLE_IDENTIFIER = com.hieu.InstagramClone;
				PRODUCT_NAME = "$(TARGET_NAME)";
				SWIFT_EMIT_LOC_STRINGS = YES;
				SWIFT_VERSION = 5.0;
				TARGETED_DEVICE_FAMILY = "1,2";
			};
			name = Release;
		};
/* End XCBuildConfiguration section */

/* Begin XCConfigurationList section */
		CCEB2F412D3798F600BB2DEF /* Build configuration list for PBXProject "InstagramClone" */ = {
			isa = XCConfigurationList;
			buildConfigurations = (
				CCEB2F5B2D3798F700BB2DEF /* Debug */,
				CCEB2F5C2D3798F700BB2DEF /* Release */,
			);
			defaultConfigurationIsVisible = 0;
			defaultConfigurationName = Release;
		};
		CCEB2F5D2D3798F700BB2DEF /* Build configuration list for PBXNativeTarget "InstagramClone" */ = {
			isa = XCConfigurationList;
			buildConfigurations = (
				CCEB2F5E2D3798F700BB2DEF /* Debug */,
				CCEB2F5F2D3798F700BB2DEF /* Release */,
			);
			defaultConfigurationIsVisible = 0;
			defaultConfigurationName = Release;
		};
/* End XCConfigurationList section */

/* Begin XCVersionGroup section */
		CCEB2F522D3798F600BB2DEF /* InstagramClone.xcdatamodeld */ = {
			isa = XCVersionGroup;
			children = (
				CCEB2F532D3798F600BB2DEF /* InstagramClone.xcdatamodel */,
			);
			currentVersion = CCEB2F532D3798F600BB2DEF /* InstagramClone.xcdatamodel */;
			path = InstagramClone.xcdatamodeld;
			sourceTree = "<group>";
			versionGroupType = wrapper.xcdatamodel;
		};
/* End XCVersionGroup section */
	};
	rootObject = CCEB2F3E2D3798F600BB2DEF /* Project object */;
}
